// !$*UTF8*$!
{
	archiveVersion = 1;
	classes = {
	};
	objectVersion = 50;
	objects = {

/* Begin PBXBuildFile section */
		B848AAD425520F430016F480 /* OpenGL.framework in Frameworks */ = {isa = PBXBuildFile; fileRef = B848AAD325520F430016F480 /* OpenGL.framework */; };
		B848AAD625520F4A0016F480 /* GLUT.framework in Frameworks */ = {isa = PBXBuildFile; fileRef = B848AAD525520F4A0016F480 /* GLUT.framework */; };
		B8895D69254A6D7C003CB4EF /* VirusMain.cpp in Sources */ = {isa = PBXBuildFile; fileRef = B8895D68254A6D7C003CB4EF /* VirusMain.cpp */; };
/* End PBXBuildFile section */

/* Begin PBXCopyFilesBuildPhase section */
		B8895D63254A6D7C003CB4EF /* CopyFiles */ = {
			isa = PBXCopyFilesBuildPhase;
			buildActionMask = 2147483647;
			dstPath = /usr/share/man/man1/;
			dstSubfolderSpec = 0;
			files = (
			);
			runOnlyForDeploymentPostprocessing = 1;
		};
/* End PBXCopyFilesBuildPhase section */

/* Begin PBXFileReference section */
		B847B11E256E507400A75509 /* makefile */ = {isa = PBXFileReference; lastKnownFileType = sourcecode.make; path = makefile; sourceTree = "<group>"; };
		B847B17D25774C7700A75509 /* VirusTime.cpp */ = {isa = PBXFileReference; lastKnownFileType = sourcecode.cpp.cpp; path = VirusTime.cpp; sourceTree = "<group>"; };
		B847B17E25774C7700A75509 /* VirusTime.hpp */ = {isa = PBXFileReference; lastKnownFileType = sourcecode.cpp.h; path = VirusTime.hpp; sourceTree = "<group>"; };
		B847B18025778CE900A75509 /* VirusObj.cpp */ = {isa = PBXFileReference; lastKnownFileType = sourcecode.cpp.cpp; path = VirusObj.cpp; sourceTree = "<group>"; };
		B848AACF254A76EF0016F480 /* README.md */ = {isa = PBXFileReference; lastKnownFileType = net.daringfireball.markdown; path = README.md; sourceTree = "<group>"; };
		B848AAD0254AA00E0016F480 /* pseudo.txt */ = {isa = PBXFileReference; lastKnownFileType = text; path = pseudo.txt; sourceTree = "<group>"; };
		B848AAD325520F430016F480 /* OpenGL.framework */ = {isa = PBXFileReference; lastKnownFileType = wrapper.framework; name = OpenGL.framework; path = System/Library/Frameworks/OpenGL.framework; sourceTree = SDKROOT; };
		B848AAD525520F4A0016F480 /* GLUT.framework */ = {isa = PBXFileReference; lastKnownFileType = wrapper.framework; name = GLUT.framework; path = System/Library/Frameworks/GLUT.framework; sourceTree = SDKROOT; };
		B8895D65254A6D7C003CB4EF /* RetroviralLifeCycle */ = {isa = PBXFileReference; explicitFileType = "compiled.mach-o.executable"; includeInIndex = 0; path = RetroviralLifeCycle; sourceTree = BUILT_PRODUCTS_DIR; };
		B8895D68254A6D7C003CB4EF /* VirusMain.cpp */ = {isa = PBXFileReference; lastKnownFileType = sourcecode.cpp.cpp; path = VirusMain.cpp; sourceTree = "<group>"; };
/* End PBXFileReference section */

/* Begin PBXFrameworksBuildPhase section */
		B8895D62254A6D7C003CB4EF /* Frameworks */ = {
			isa = PBXFrameworksBuildPhase;
			buildActionMask = 2147483647;
			files = (
				B848AAD425520F430016F480 /* OpenGL.framework in Frameworks */,
				B848AAD625520F4A0016F480 /* GLUT.framework in Frameworks */,
			);
			runOnlyForDeploymentPostprocessing = 0;
		};
/* End PBXFrameworksBuildPhase section */

/* Begin PBXGroup section */
		B848AAD225520F430016F480 /* Frameworks */ = {
			isa = PBXGroup;
			children = (
				B848AAD525520F4A0016F480 /* GLUT.framework */,
				B848AAD325520F430016F480 /* OpenGL.framework */,
			);
			name = Frameworks;
			sourceTree = "<group>";
		};
		B8895D5C254A6D7C003CB4EF = {
			isa = PBXGroup;
			children = (
				B8895D68254A6D7C003CB4EF /* VirusMain.cpp */,
				B847B18025778CE900A75509 /* VirusObj.cpp */,
				B847B17D25774C7700A75509 /* VirusTime.cpp */,
				B847B17E25774C7700A75509 /* VirusTime.hpp */,
				B847B11E256E507400A75509 /* makefile */,
				B848AAD0254AA00E0016F480 /* pseudo.txt */,
				B848AACF254A76EF0016F480 /* README.md */,
				B8895D66254A6D7C003CB4EF /* Products */,
				B848AAD225520F430016F480 /* Frameworks */,
			);
			sourceTree = "<group>";
		};
		B8895D66254A6D7C003CB4EF /* Products */ = {
			isa = PBXGroup;
			children = (
				B8895D65254A6D7C003CB4EF /* RetroviralLifeCycle */,
			);
			name = Products;
			sourceTree = "<group>";
		};
/* End PBXGroup section */

/* Begin PBXNativeTarget section */
		B8895D64254A6D7C003CB4EF /* RetroviralLifeCycle */ = {
			isa = PBXNativeTarget;
			buildConfigurationList = B8895D6C254A6D7C003CB4EF /* Build configuration list for PBXNativeTarget "RetroviralLifeCycle" */;
			buildPhases = (
				B8895D61254A6D7C003CB4EF /* Sources */,
				B8895D62254A6D7C003CB4EF /* Frameworks */,
				B8895D63254A6D7C003CB4EF /* CopyFiles */,
			);
			buildRules = (
			);
			dependencies = (
			);
			name = RetroviralLifeCycle;
			productName = RetroviralLifeCycle;
			productReference = B8895D65254A6D7C003CB4EF /* RetroviralLifeCycle */;
			productType = "com.apple.product-type.tool";
		};
/* End PBXNativeTarget section */

/* Begin PBXProject section */
		B8895D5D254A6D7C003CB4EF /* Project object */ = {
			isa = PBXProject;
			attributes = {
				LastUpgradeCheck = 1200;
				TargetAttributes = {
					B8895D64254A6D7C003CB4EF = {
						CreatedOnToolsVersion = 12.0;
					};
				};
			};
			buildConfigurationList = B8895D60254A6D7C003CB4EF /* Build configuration list for PBXProject "RetroviralLifeCycle" */;
			compatibilityVersion = "Xcode 9.3";
			developmentRegion = en;
			hasScannedForEncodings = 0;
			knownRegions = (
				en,
				Base,
			);
			mainGroup = B8895D5C254A6D7C003CB4EF;
			productRefGroup = B8895D66254A6D7C003CB4EF /* Products */;
			projectDirPath = "";
			projectRoot = "";
			targets = (
				B8895D64254A6D7C003CB4EF /* RetroviralLifeCycle */,
			);
		};
/* End PBXProject section */

/* Begin PBXSourcesBuildPhase section */
		B8895D61254A6D7C003CB4EF /* Sources */ = {
			isa = PBXSourcesBuildPhase;
			buildActionMask = 2147483647;
			files = (
				B8895D69254A6D7C003CB4EF /* VirusMain.cpp in Sources */,
			);
			runOnlyForDeploymentPostprocessing = 0;
		};
/* End PBXSourcesBuildPhase section */

/* Begin XCBuildConfiguration section */
		B8895D6A254A6D7C003CB4EF /* Debug */ = {
			isa = XCBuildConfiguration;
			buildSettings = {
				ALWAYS_SEARCH_USER_PATHS = NO;
				CLANG_ANALYZER_NONNULL = YES;
				CLANG_ANALYZER_NUMBER_OBJECT_CONVERSION = YES_AGGRESSIVE;
				CLANG_CXX_LANGUAGE_STANDARD = "gnu++14";
				CLANG_CXX_LIBRARY = "libc++";
				CLANG_ENABLE_MODULES = YES;
				CLANG_ENABLE_OBJC_ARC = YES;
				CLANG_ENABLE_OBJC_WEAK = YES;
				CLANG_WARN_BLOCK_CAPTURE_AUTORELEASING = YES;
				CLANG_WARN_BOOL_CONVERSION = YES;
				CLANG_WARN_COMMA = YES;
				CLANG_WARN_CONSTANT_CONVERSION = YES;
				CLANG_WARN_DEPRECATED_OBJC_IMPLEMENTATIONS = YES;
				CLANG_WARN_DIRECT_OBJC_ISA_USAGE = YES_ERROR;
				CLANG_WARN_DOCUMENTATION_COMMENTS = YES;
				CLANG_WARN_EMPTY_BODY = YES;
				CLANG_WARN_ENUM_CONVERSION = YES;
				CLANG_WARN_INFINITE_RECURSION = YES;
				CLANG_WARN_INT_CONVERSION = YES;
				CLANG_WARN_NON_LITERAL_NULL_CONVERSION = YES;
				CLANG_WARN_OBJC_IMPLICIT_RETAIN_SELF = YES;
				CLANG_WARN_OBJC_LITERAL_CONVERSION = YES;
				CLANG_WARN_OBJC_ROOT_CLASS = YES_ERROR;
				CLANG_WARN_QUOTED_INCLUDE_IN_FRAMEWORK_HEADER = YES;
				CLANG_WARN_RANGE_LOOP_ANALYSIS = YES;
				CLANG_WARN_STRICT_PROTOTYPES = YES;
				CLANG_WARN_SUSPICIOUS_MOVE = YES;
				CLANG_WARN_UNGUARDED_AVAILABILITY = YES_AGGRESSIVE;
				CLANG_WARN_UNREACHABLE_CODE = YES;
				CLANG_WARN__DUPLICATE_METHOD_MATCH = YES;
				COPY_PHASE_STRIP = NO;
				DEBUG_INFORMATION_FORMAT = dwarf;
				ENABLE_STRICT_OBJC_MSGSEND = YES;
				ENABLE_TESTABILITY = YES;
				GCC_C_LANGUAGE_STANDARD = gnu11;
				GCC_DYNAMIC_NO_PIC = NO;
				GCC_NO_COMMON_BLOCKS = YES;
				GCC_OPTIMIZATION_LEVEL = 0;
				GCC_PREPROCESSOR_DEFINITIONS = (
					"DEBUG=1",
					"$(inherited)",
				);
				GCC_WARN_64_TO_32_BIT_CONVERSION = YES;
				GCC_WARN_ABOUT_RETURN_TYPE = YES_ERROR;
				GCC_WARN_UNDECLARED_SELECTOR = YES;
				GCC_WARN_UNINITIALIZED_AUTOS = YES_AGGRESSIVE;
				GCC_WARN_UNUSED_FUNCTION = YES;
				GCC_WARN_UNUSED_VARIABLE = YES;
				MACOSX_DEPLOYMENT_TARGET = 10.15;
				MTL_ENABLE_DEBUG_INFO = INCLUDE_SOURCE;
				MTL_FAST_MATH = YES;
				ONLY_ACTIVE_ARCH = YES;
				SDKROOT = macosx;
			};
			name = Debug;
		};
		B8895D6B254A6D7C003CB4EF /* Release */ = {
			isa = XCBuildConfiguration;
			buildSettings = {
				ALWAYS_SEARCH_USER_PATHS = NO;
				CLANG_ANALYZER_NONNULL = YES;
				CLANG_ANALYZER_NUMBER_OBJECT_CONVERSION = YES_AGGRESSIVE;
				CLANG_CXX_LANGUAGE_STANDARD = "gnu++14";
				CLANG_CXX_LIBRARY = "libc++";
				CLANG_ENABLE_MODULES = YES;
				CLANG_ENABLE_OBJC_ARC = YES;
				CLANG_ENABLE_OBJC_WEAK = YES;
				CLANG_WARN_BLOCK_CAPTURE_AUTORELEASING = YES;
				CLANG_WARN_BOOL_CONVERSION = YES;
				CLANG_WARN_COMMA = YES;
				CLANG_WARN_CONSTANT_CONVERSION = YES;
				CLANG_WARN_DEPRECATED_OBJC_IMPLEMENTATIONS = YES;
				CLANG_WARN_DIRECT_OBJC_ISA_USAGE = YES_ERROR;
				CLANG_WARN_DOCUMENTATION_COMMENTS = YES;
				CLANG_WARN_EMPTY_BODY = YES;
				CLANG_WARN_ENUM_CONVERSION = YES;
				CLANG_WARN_INFINITE_RECURSION = YES;
				CLANG_WARN_INT_CONVERSION = YES;
				CLANG_WARN_NON_LITERAL_NULL_CONVERSION = YES;
				CLANG_WARN_OBJC_IMPLICIT_RETAIN_SELF = YES;
				CLANG_WARN_OBJC_LITERAL_CONVERSION = YES;
				CLANG_WARN_OBJC_ROOT_CLASS = YES_ERROR;
				CLANG_WARN_QUOTED_INCLUDE_IN_FRAMEWORK_HEADER = YES;
				CLANG_WARN_RANGE_LOOP_ANALYSIS = YES;
				CLANG_WARN_STRICT_PROTOTYPES = YES;
				CLANG_WARN_SUSPICIOUS_MOVE = YES;
				CLANG_WARN_UNGUARDED_AVAILABILITY = YES_AGGRESSIVE;
				CLANG_WARN_UNREACHABLE_CODE = YES;
				CLANG_WARN__DUPLICATE_METHOD_MATCH = YES;
				COPY_PHASE_STRIP = NO;
				DEBUG_INFORMATION_FORMAT = "dwarf-with-dsym";
				ENABLE_NS_ASSERTIONS = NO;
				ENABLE_STRICT_OBJC_MSGSEND = YES;
				GCC_C_LANGUAGE_STANDARD = gnu11;
				GCC_NO_COMMON_BLOCKS = YES;
				GCC_WARN_64_TO_32_BIT_CONVERSION = YES;
				GCC_WARN_ABOUT_RETURN_TYPE = YES_ERROR;
				GCC_WARN_UNDECLARED_SELECTOR = YES;
				GCC_WARN_UNINITIALIZED_AUTOS = YES_AGGRESSIVE;
				GCC_WARN_UNUSED_FUNCTION = YES;
				GCC_WARN_UNUSED_VARIABLE = YES;
				MACOSX_DEPLOYMENT_TARGET = 10.15;
				MTL_ENABLE_DEBUG_INFO = NO;
				MTL_FAST_MATH = YES;
				SDKROOT = macosx;
			};
			name = Release;
		};
		B8895D6D254A6D7C003CB4EF /* Debug */ = {
			isa = XCBuildConfiguration;
			buildSettings = {
				CODE_SIGN_STYLE = Automatic;
				PRODUCT_NAME = "$(TARGET_NAME)";
			};
			name = Debug;
		};
		B8895D6E254A6D7C003CB4EF /* Release */ = {
			isa = XCBuildConfiguration;
			buildSettings = {
				CODE_SIGN_STYLE = Automatic;
				PRODUCT_NAME = "$(TARGET_NAME)";
			};
			name = Release;
		};
/* End XCBuildConfiguration section */

/* Begin XCConfigurationList section */
		B8895D60254A6D7C003CB4EF /* Build configuration list for PBXProject "RetroviralLifeCycle" */ = {
			isa = XCConfigurationList;
			buildConfigurations = (
				B8895D6A254A6D7C003CB4EF /* Debug */,
				B8895D6B254A6D7C003CB4EF /* Release */,
			);
			defaultConfigurationIsVisible = 0;
			defaultConfigurationName = Release;
		};
		B8895D6C254A6D7C003CB4EF /* Build configuration list for PBXNativeTarget "RetroviralLifeCycle" */ = {
			isa = XCConfigurationList;
			buildConfigurations = (
				B8895D6D254A6D7C003CB4EF /* Debug */,
				B8895D6E254A6D7C003CB4EF /* Release */,
			);
			defaultConfigurationIsVisible = 0;
			defaultConfigurationName = Release;
		};
/* End XCConfigurationList section */
	};
	rootObject = B8895D5D254A6D7C003CB4EF /* Project object */;
}
